
Microsoft Visual Studio Solution File, Format Version 12.00
# Visual Studio 15
VisualStudioVersion = 15.0.26730.16
MinimumVisualStudioVersion = 10.0.40219.1
Project("{FAE04EC0-301F-11D3-BF4B-00C04F79EFBC}") = "Payout", "Payout\Payout.csproj", "{182DC76D-3D66-4EFF-9614-A9F195D3FFBD}"
EndProject
Project("{2150E333-8FDC-42A3-9474-1A3956D46DE8}") = "Database", "Database", "{D3639392-B993-431E-B393-CD65288E37B8}"
EndProject
Project("{9A19103F-16F7-4668-BE54-9A1E7A4F7556}") = "Payout.CoreAPI", "Payout.CoreAPI\Payout.CoreAPI.csproj", "{52057B95-D9BE-471F-A9A8-4F7C41A438CF}"
EndProject
Global
	GlobalSection(SolutionConfigurationPlatforms) = preSolution
		Debug|Any CPU = Debug|Any CPU
		Debug|x86 = Debug|x86
		Release|Any CPU = Release|Any CPU
		Release|x86 = Release|x86
	EndGlobalSection
	GlobalSection(ProjectConfigurationPlatforms) = postSolution
		{182DC76D-3D66-4EFF-9614-A9F195D3FFBD}.Debug|Any CPU.ActiveCfg = Debug|Any CPU
		{182DC76D-3D66-4EFF-9614-A9F195D3FFBD}.Debug|Any CPU.Build.0 = Debug|Any CPU
		{182DC76D-3D66-4EFF-9614-A9F195D3FFBD}.Debug|x86.ActiveCfg = Debug|Any CPU
		{182DC76D-3D66-4EFF-9614-A9F195D3FFBD}.Debug|x86.Build.0 = Debug|Any CPU
		{182DC76D-3D66-4EFF-9614-A9F195D3FFBD}.Release|Any CPU.ActiveCfg = Release|Any CPU
		{182DC76D-3D66-4EFF-9614-A9F195D3FFBD}.Release|Any CPU.Build.0 = Release|Any CPU
		{182DC76D-3D66-4EFF-9614-A9F195D3FFBD}.Release|x86.ActiveCfg = Release|Any CPU
		{182DC76D-3D66-4EFF-9614-A9F195D3FFBD}.Release|x86.Build.0 = Release|Any CPU
		{52057B95-D9BE-471F-A9A8-4F7C41A438CF}.Debug|Any CPU.ActiveCfg = Debug|Any CPU
		{52057B95-D9BE-471F-A9A8-4F7C41A438CF}.Debug|Any CPU.Build.0 = Debug|Any CPU
		{52057B95-D9BE-471F-A9A8-4F7C41A438CF}.Debug|x86.ActiveCfg = Debug|x86
		{52057B95-D9BE-471F-A9A8-4F7C41A438CF}.Debug|x86.Build.0 = Debug|x86
		{52057B95-D9BE-471F-A9A8-4F7C41A438CF}.Release|Any CPU.ActiveCfg = Release|Any CPU
		{52057B95-D9BE-471F-A9A8-4F7C41A438CF}.Release|Any CPU.Build.0 = Release|Any CPU
		{52057B95-D9BE-471F-A9A8-4F7C41A438CF}.Release|x86.ActiveCfg = Release|x86
		{52057B95-D9BE-471F-A9A8-4F7C41A438CF}.Release|x86.Build.0 = Release|x86
	EndGlobalSection
	GlobalSection(SolutionProperties) = preSolution
		HideSolutionNode = FALSE
	EndGlobalSection
	GlobalSection(ExtensibilityGlobals) = postSolution
		SolutionGuid = {54FF9F21-B7C5-4500-8014-D2949118BC94}
	EndGlobalSection
EndGlobal
